# THIS IS AN AUTOGENERATED FILE. DO NOT EDIT THIS FILE DIRECTLY.
# yarn lockfile v1


"@prisma/client@5.9.0":
  version "5.9.0"
  resolved "https://registry.yarnpkg.com/@prisma/client/-/client-5.9.0.tgz#d4dd719dbb7ddc1c32f99f85879d20a65604e910"
  integrity sha512-dHvFZgCT0BpRS+gRhk3S+50DstXMmVowxbrPeUJaK7sjNq5OhzfpT/OGE1kq9z5Q8WmOwIXJXyxP8O2CmP+nSg==

"@prisma/debug@5.9.0":
  version "5.9.0"
  resolved "https://registry.yarnpkg.com/@prisma/debug/-/debug-5.9.0.tgz#aed189652592c9831abeda33b3800eab780d5406"
  integrity sha512-3Uhj5YSPqaIfzJQ6JQzCNBXeBTy0x803fGIoo2tvP/KIEd+o4o49JxCQtKtP8aeef5iNh5Nn9Z25wDrdLjS80A==

"@prisma/engines-version@5.9.0-32.23fdc5965b1e05fc54e5f26ed3de66776b93de64":
  version "5.9.0-32.23fdc5965b1e05fc54e5f26ed3de66776b93de64"
  resolved "https://registry.yarnpkg.com/@prisma/engines-version/-/engines-version-5.9.0-32.23fdc5965b1e05fc54e5f26ed3de66776b93de64.tgz#54d2164f28d23e09d41cf9eb0bddbbe7f3aaa660"
  integrity sha512-HFl7275yF0FWbdcNvcSRbbu9JCBSLMcurYwvWc8WGDnpu7APxQo2ONtZrUggU3WxLxUJ2uBX+0GOFIcJeVeOOQ==

"@prisma/engines@5.9.0":
  version "5.9.0"
  resolved "https://registry.yarnpkg.com/@prisma/engines/-/engines-5.9.0.tgz#92dda0eda060c6827a09b15d614327c62e923640"
  integrity sha512-BH1fpXbMH09TwfZH5FVMJwRp6afEhKzqwebbCLdaEkJDuhxA//iwbILLqGFtGTgZbdBNUOThIK+UC3++5kWMTg==
  dependencies:
    "@prisma/debug" "5.9.0"
    "@prisma/engines-version" "5.9.0-32.23fdc5965b1e05fc54e5f26ed3de66776b93de64"
    "@prisma/fetch-engine" "5.9.0"
    "@prisma/get-platform" "5.9.0"

"@prisma/fetch-engine@5.9.0":
  version "5.9.0"
  resolved "https://registry.yarnpkg.com/@prisma/fetch-engine/-/fetch-engine-5.9.0.tgz#b79cdd90f3e53895bb9b1eee7a5d655d1a13487e"
  integrity sha512-NL8Vm8Vl2d6NOSkkPGN5TTTz4s6cyCleXOzqtOFWzfKFJ4wtN2Shu7llOT+ykf6nDzh1lCN2JHUt1S6FGFZGig==
  dependencies:
    "@prisma/debug" "5.9.0"
    "@prisma/engines-version" "5.9.0-32.23fdc5965b1e05fc54e5f26ed3de66776b93de64"
    "@prisma/get-platform" "5.9.0"

"@prisma/get-platform@5.9.0":
  version "5.9.0"
  resolved "https://registry.yarnpkg.com/@prisma/get-platform/-/get-platform-5.9.0.tgz#87cc696bebdb84ca9d8b8c9228771773bc7c2dd7"
  integrity sha512-8CatX+E6eZxcOjJZe5hF8EXxdb5GsQTA/u7pdmUJSxGLacW9K3r5vDdgV8s22PubObQQ6979/rkCMItbCrG4Yg==
  dependencies:
    "@prisma/debug" "5.9.0"

"@types/uuid@^9.0.8":
  version "9.0.8"
  resolved "https://registry.yarnpkg.com/@types/uuid/-/uuid-9.0.8.tgz#7545ba4fc3c003d6c756f651f3bf163d8f0f29ba"
  integrity sha512-jg+97EGIcY9AGHJJRaaPVgetKDsrTgbRjQ5Msgjh/DQKEFl0DtyRr/VCOyD1T2R1MNeWPK/u7JoGhlDZnKBAfA==

prisma@^5.9.0:
  version "5.9.0"
  resolved "https://registry.yarnpkg.com/prisma/-/prisma-5.9.0.tgz#182b4b5ad418cce9e46874668df5452cedee059d"
  integrity sha512-0UcOofjNuAnd227JMaPqZvP01dsUXw9EXB9iC8fyoZtfv7zkQ0ozxyjY1g+vcjFPOnNLICMnLHx+lM5BJZYqOQ==
  dependencies:
    "@prisma/engines" "5.9.0"

uuid@^9.0.1:
  version "9.0.1"
  resolved "https://registry.yarnpkg.com/uuid/-/uuid-9.0.1.tgz#e188d4c8853cc722220392c424cd637f32293f30"
  integrity sha512-b+1eJOlsR9K8HJpow9Ok3fiWOWSIcIzXodvv0rQjVoOVNpWMpxf1wZNpt4y9h10odCNrqnYp1OBzRktckBe3sA==
